
Microsoft Visual Studio Solution File, Format Version 12.00
# Visual Studio Version 16
VisualStudioVersion = 16.0.29009.5
MinimumVisualStudioVersion = 10.0.40219.1
Project("{FAE04EC0-301F-11D3-BF4B-00C04F79EFBC}") = "NewGame", "NewGame\NewGame.csproj", "{7581CCD4-7BF1-4711-AF6D-12EFE71E6233}"
EndProject
Global
	GlobalSection(SolutionConfigurationPlatforms) = preSolution
		Debug|Any CPU = Debug|Any CPU
		Release|Any CPU = Release|Any CPU
	EndGlobalSection
	GlobalSection(ProjectConfigurationPlatforms) = postSolution
		{7581CCD4-7BF1-4711-AF6D-12EFE71E6233}.Debug|Any CPU.ActiveCfg = Debug|Any CPU
		{7581CCD4-7BF1-4711-AF6D-12EFE71E6233}.Debug|Any CPU.Build.0 = Debug|Any CPU
		{7581CCD4-7BF1-4711-AF6D-12EFE71E6233}.Release|Any CPU.ActiveCfg = Release|Any CPU
		{7581CCD4-7BF1-4711-AF6D-12EFE71E6233}.Release|Any CPU.Build.0 = Release|Any CPU
	EndGlobalSection
	GlobalSection(SolutionProperties) = preSolution
		HideSolutionNode = FALSE
	EndGlobalSection
	GlobalSection(ExtensibilityGlobals) = postSolution
		SolutionGuid = {DA240704-A1D6-4B89-AD3A-84AEBE5EB9AE}
	EndGlobalSection
EndGlobal
